{
  "name": "json2csv",
  "version": "0.1.0",
  "lockfileVersion": 1,
  "requires": true,
  "dependencies": {
    "jquery-csv": {
      "version": "1.0.3",
      "resolved": "https://registry.npmjs.org/jquery-csv/-/jquery-csv-1.0.3.tgz",
      "integrity": "sha512-e7PO0aar7VmwETktEpcz3QuSDv6TByGFd9KxyWn4dOUCaCwBCdQjLrFRscMKazFQjm7sdKtX9Bk7aUp74+oXDw=="
    }
  }
}
